
Microsoft Visual Studio Solution File, Format Version 12.00
# Visual Studio Version 16
VisualStudioVersion = 16.0.30104.148
MinimumVisualStudioVersion = 10.0.40219.1
Project("{FAE04EC0-301F-11D3-BF4B-00C04F79EFBC}") = "HappyFeetApp", "HappyFeetApp\HappyFeetApp.csproj", "{A8EE7E0C-8178-40C4-845E-DEC38FCA2E01}"
EndProject
Global
	GlobalSection(SolutionConfigurationPlatforms) = preSolution
		Debug|Any CPU = Debug|Any CPU
		Release|Any CPU = Release|Any CPU
	EndGlobalSection
	GlobalSection(ProjectConfigurationPlatforms) = postSolution
		{A8EE7E0C-8178-40C4-845E-DEC38FCA2E01}.Debug|Any CPU.ActiveCfg = Debug|Any CPU
		{A8EE7E0C-8178-40C4-845E-DEC38FCA2E01}.Debug|Any CPU.Build.0 = Debug|Any CPU
		{A8EE7E0C-8178-40C4-845E-DEC38FCA2E01}.Release|Any CPU.ActiveCfg = Release|Any CPU
		{A8EE7E0C-8178-40C4-845E-DEC38FCA2E01}.Release|Any CPU.Build.0 = Release|Any CPU
	EndGlobalSection
	GlobalSection(SolutionProperties) = preSolution
		HideSolutionNode = FALSE
	EndGlobalSection
	GlobalSection(ExtensibilityGlobals) = postSolution
		SolutionGuid = {3C01B685-C974-41FC-B2B4-29A27B7BFD4C}
	EndGlobalSection
EndGlobal
